
Microsoft Visual Studio Solution File, Format Version 12.00
# Visual Studio Version 16
VisualStudioVersion = 16.0.31613.86
MinimumVisualStudioVersion = 10.0.40219.1
Project("{FAE04EC0-301F-11D3-BF4B-00C04F79EFBC}") = "MultiInterface", "MultiInterface.csproj", "{841AFA0D-D69D-459B-A25F-8A18FBF60B4C}"
EndProject
Global
	GlobalSection(SolutionConfigurationPlatforms) = preSolution
		Debug|Any CPU = Debug|Any CPU
		Release|Any CPU = Release|Any CPU
	EndGlobalSection
	GlobalSection(ProjectConfigurationPlatforms) = postSolution
		{841AFA0D-D69D-459B-A25F-8A18FBF60B4C}.Debug|Any CPU.ActiveCfg = Debug|Any CPU
		{841AFA0D-D69D-459B-A25F-8A18FBF60B4C}.Debug|Any CPU.Build.0 = Debug|Any CPU
		{841AFA0D-D69D-459B-A25F-8A18FBF60B4C}.Release|Any CPU.ActiveCfg = Release|Any CPU
		{841AFA0D-D69D-459B-A25F-8A18FBF60B4C}.Release|Any CPU.Build.0 = Release|Any CPU
	EndGlobalSection
	GlobalSection(SolutionProperties) = preSolution
		HideSolutionNode = FALSE
	EndGlobalSection
	GlobalSection(ExtensibilityGlobals) = postSolution
		SolutionGuid = {50333132-E895-4AE8-9184-F5C8A43369EA}
	EndGlobalSection
EndGlobal
